// !$*UTF8*$!
{
	archiveVersion = 1;
	classes = {
	};
	objectVersion = 48;
	objects = {

/* Begin PBXBuildFile section */
		3FBEE5EB24287F1C00EFBB63 /* AppDelegate.swift in Sources */ = {isa = PBXBuildFile; fileRef = 3FBEE5EA24287F1C00EFBB63 /* AppDelegate.swift */; };
		3FBEE5ED24287F1C00EFBB63 /* ViewController.swift in Sources */ = {isa = PBXBuildFile; fileRef = 3FBEE5EC24287F1C00EFBB63 /* ViewController.swift */; };
		3FBEE5F024287F1C00EFBB63 /* Main.storyboard in Resources */ = {isa = PBXBuildFile; fileRef = 3FBEE5EE24287F1C00EFBB63 /* Main.storyboard */; };
		3FBEE5F324287F1C00EFBB63 /* homework.xcdatamodeld in Sources */ = {isa = PBXBuildFile; fileRef = 3FBEE5F124287F1C00EFBB63 /* homework.xcdatamodeld */; };
		3FBEE5F524287F1C00EFBB63 /* Assets.xcassets in Resources */ = {isa = PBXBuildFile; fileRef = 3FBEE5F424287F1C00EFBB63 /* Assets.xcassets */; };
		3FBEE5F824287F1C00EFBB63 /* LaunchScreen.storyboard in Resources */ = {isa = PBXBuildFile; fileRef = 3FBEE5F624287F1C00EFBB63 /* LaunchScreen.storyboard */; };
		3FBEE600242883C300EFBB63 /* Card.swift in Sources */ = {isa = PBXBuildFile; fileRef = 3FBEE5FF242883C300EFBB63 /* Card.swift */; };
		3FBEE602242883EF00EFBB63 /* MatchingGame.swift in Sources */ = {isa = PBXBuildFile; fileRef = 3FBEE601242883EF00EFBB63 /* MatchingGame.swift */; };
/* End PBXBuildFile section */

/* Begin PBXFileReference section */
		3FBEE5E724287F1C00EFBB63 /* homework.app */ = {isa = PBXFileReference; explicitFileType = wrapper.application; includeInIndex = 0; path = homework.app; sourceTree = BUILT_PRODUCTS_DIR; };
		3FBEE5EA24287F1C00EFBB63 /* AppDelegate.swift */ = {isa = PBXFileReference; lastKnownFileType = sourcecode.swift; path = AppDelegate.swift; sourceTree = "<group>"; };
		3FBEE5EC24287F1C00EFBB63 /* ViewController.swift */ = {isa = PBXFileReference; lastKnownFileType = sourcecode.swift; path = ViewController.swift; sourceTree = "<group>"; };
		3FBEE5EF24287F1C00EFBB63 /* Base */ = {isa = PBXFileReference; lastKnownFileType = file.storyboard; name = Base; path = Base.lproj/Main.storyboard; sourceTree = "<group>"; };
		3FBEE5F224287F1C00EFBB63 /* homework.xcdatamodel */ = {isa = PBXFileReference; lastKnownFileType = wrapper.xcdatamodel; path = homework.xcdatamodel; sourceTree = "<group>"; };
		3FBEE5F424287F1C00EFBB63 /* Assets.xcassets */ = {isa = PBXFileReference; lastKnownFileType = folder.assetcatalog; path = Assets.xcassets; sourceTree = "<group>"; };
		3FBEE5F724287F1C00EFBB63 /* Base */ = {isa = PBXFileReference; lastKnownFileType = file.storyboard; name = Base; path = Base.lproj/LaunchScreen.storyboard; sourceTree = "<group>"; };
		3FBEE5F924287F1C00EFBB63 /* Info.plist */ = {isa = PBXFileReference; lastKnownFileType = text.plist.xml; path = Info.plist; sourceTree = "<group>"; };
		3FBEE5FF242883C300EFBB63 /* Card.swift */ = {isa = PBXFileReference; lastKnownFileType = sourcecode.swift; path = Card.swift; sourceTree = "<group>"; };
		3FBEE601242883EF00EFBB63 /* MatchingGame.swift */ = {isa = PBXFileReference; lastKnownFileType = sourcecode.swift; path = MatchingGame.swift; sourceTree = "<group>"; };
/* End PBXFileReference section */

/* Begin PBXFrameworksBuildPhase section */
		3FBEE5E424287F1C00EFBB63 /* Frameworks */ = {
			isa = PBXFrameworksBuildPhase;
			buildActionMask = 2147483647;
			files = (
			);
			runOnlyForDeploymentPostprocessing = 0;
		};
/* End PBXFrameworksBuildPhase section */

/* Begin PBXGroup section */
		3FBEE5DE24287F1C00EFBB63 = {
			isa = PBXGroup;
			children = (
				3FBEE5E924287F1C00EFBB63 /* homework */,
				3FBEE5E824287F1C00EFBB63 /* Products */,
			);
			sourceTree = "<group>";
		};
		3FBEE5E824287F1C00EFBB63 /* Products */ = {
			isa = PBXGroup;
			children = (
				3FBEE5E724287F1C00EFBB63 /* homework.app */,
			);
			name = Products;
			sourceTree = "<group>";
		};
		3FBEE5E924287F1C00EFBB63 /* homework */ = {
			isa = PBXGroup;
			children = (
				3FBEE5EA24287F1C00EFBB63 /* AppDelegate.swift */,
				3FBEE5EC24287F1C00EFBB63 /* ViewController.swift */,
				3FBEE5EE24287F1C00EFBB63 /* Main.storyboard */,
				3FBEE5F424287F1C00EFBB63 /* Assets.xcassets */,
				3FBEE5F624287F1C00EFBB63 /* LaunchScreen.storyboard */,
				3FBEE5F924287F1C00EFBB63 /* Info.plist */,
				3FBEE5F124287F1C00EFBB63 /* homework.xcdatamodeld */,
				3FBEE5FF242883C300EFBB63 /* Card.swift */,
				3FBEE601242883EF00EFBB63 /* MatchingGame.swift */,
			);
			path = homework;
			sourceTree = "<group>";
		};
/* End PBXGroup section */

/* Begin PBXNativeTarget section */
		3FBEE5E624287F1C00EFBB63 /* homework */ = {
			isa = PBXNativeTarget;
			buildConfigurationList = 3FBEE5FC24287F1C00EFBB63 /* Build configuration list for PBXNativeTarget "homework" */;
			buildPhases = (
				3FBEE5E324287F1C00EFBB63 /* Sources */,
				3FBEE5E424287F1C00EFBB63 /* Frameworks */,
				3FBEE5E524287F1C00EFBB63 /* Resources */,
			);
			buildRules = (
			);
			dependencies = (
			);
			name = homework;
			productName = homework;
			productReference = 3FBEE5E724287F1C00EFBB63 /* homework.app */;
			productType = "com.apple.product-type.application";
		};
/* End PBXNativeTarget section */

/* Begin PBXProject section */
		3FBEE5DF24287F1C00EFBB63 /* Project object */ = {
			isa = PBXProject;
			attributes = {
				LastSwiftUpdateCheck = 0920;
				LastUpgradeCheck = 0920;
				ORGANIZATIONNAME = 105590026;
				TargetAttributes = {
					3FBEE5E624287F1C00EFBB63 = {
						CreatedOnToolsVersion = 9.2;
						ProvisioningStyle = Automatic;
					};
				};
			};
			buildConfigurationList = 3FBEE5E224287F1C00EFBB63 /* Build configuration list for PBXProject "homework" */;
			compatibilityVersion = "Xcode 8.0";
			developmentRegion = en;
			hasScannedForEncodings = 0;
			knownRegions = (
				en,
				Base,
			);
			mainGroup = 3FBEE5DE24287F1C00EFBB63;
			productRefGroup = 3FBEE5E824287F1C00EFBB63 /* Products */;
			projectDirPath = "";
			projectRoot = "";
			targets = (
				3FBEE5E624287F1C00EFBB63 /* homework */,
			);
		};
/* End PBXProject section */

/* Begin PBXResourcesBuildPhase section */
		3FBEE5E524287F1C00EFBB63 /* Resources */ = {
			isa = PBXResourcesBuildPhase;
			buildActionMask = 2147483647;
			files = (
				3FBEE5F824287F1C00EFBB63 /* LaunchScreen.storyboard in Resources */,
				3FBEE5F524287F1C00EFBB63 /* Assets.xcassets in Resources */,
				3FBEE5F024287F1C00EFBB63 /* Main.storyboard in Resources */,
			);
			runOnlyForDeploymentPostprocessing = 0;
		};
/* End PBXResourcesBuildPhase section */

/* Begin PBXSourcesBuildPhase section */
		3FBEE5E324287F1C00EFBB63 /* Sources */ = {
			isa = PBXSourcesBuildPhase;
			buildActionMask = 2147483647;
			files = (
				3FBEE5F324287F1C00EFBB63 /* homework.xcdatamodeld in Sources */,
				3FBEE5ED24287F1C00EFBB63 /* ViewController.swift in Sources */,
				3FBEE602242883EF00EFBB63 /* MatchingGame.swift in Sources */,
				3FBEE5EB24287F1C00EFBB63 /* AppDelegate.swift in Sources */,
				3FBEE600242883C300EFBB63 /* Card.swift in Sources */,
			);
			runOnlyForDeploymentPostprocessing = 0;
		};
/* End PBXSourcesBuildPhase section */

/* Begin PBXVariantGroup section */
		3FBEE5EE24287F1C00EFBB63 /* Main.storyboard */ = {
			isa = PBXVariantGroup;
			children = (
				3FBEE5EF24287F1C00EFBB63 /* Base */,
			);
			name = Main.storyboard;
			sourceTree = "<group>";
		};
		3FBEE5F624287F1C00EFBB63 /* LaunchScreen.storyboard */ = {
			isa = PBXVariantGroup;
			children = (
				3FBEE5F724287F1C00EFBB63 /* Base */,
			);
			name = LaunchScreen.storyboard;
			sourceTree = "<group>";
		};
/* End PBXVariantGroup section */

/* Begin XCBuildConfiguration section */
		3FBEE5FA24287F1C00EFBB63 /* Debug */ = {
			isa = XCBuildConfiguration;
			buildSettings = {
				ALWAYS_SEARCH_USER_PATHS = NO;
				CLANG_ANALYZER_NONNULL = YES;
				CLANG_ANALYZER_NUMBER_OBJECT_CONVERSION = YES_AGGRESSIVE;
				CLANG_CXX_LANGUAGE_STANDARD = "gnu++14";
				CLANG_CXX_LIBRARY = "libc++";
				CLANG_ENABLE_MODULES = YES;
				CLANG_ENABLE_OBJC_ARC = YES;
				CLANG_WARN_BLOCK_CAPTURE_AUTORELEASING = YES;
				CLANG_WARN_BOOL_CONVERSION = YES;
				CLANG_WARN_COMMA = YES;
				CLANG_WARN_CONSTANT_CONVERSION = YES;
				CLANG_WARN_DIRECT_OBJC_ISA_USAGE = YES_ERROR;
				CLANG_WARN_DOCUMENTATION_COMMENTS = YES;
				CLANG_WARN_EMPTY_BODY = YES;
				CLANG_WARN_ENUM_CONVERSION = YES;
				CLANG_WARN_INFINITE_RECURSION = YES;
				CLANG_WARN_INT_CONVERSION = YES;
				CLANG_WARN_NON_LITERAL_NULL_CONVERSION = YES;
				CLANG_WARN_OBJC_LITERAL_CONVERSION = YES;
				CLANG_WARN_OBJC_ROOT_CLASS = YES_ERROR;
				CLANG_WARN_RANGE_LOOP_ANALYSIS = YES;
				CLANG_WARN_STRICT_PROTOTYPES = YES;
				CLANG_WARN_SUSPICIOUS_MOVE = YES;
				CLANG_WARN_UNGUARDED_AVAILABILITY = YES_AGGRESSIVE;
				CLANG_WARN_UNREACHABLE_CODE = YES;
				CLANG_WARN__DUPLICATE_METHOD_MATCH = YES;
				CODE_SIGN_IDENTITY = "iPhone Developer";
				COPY_PHASE_STRIP = NO;
				DEBUG_INFORMATION_FORMAT = dwarf;
				ENABLE_STRICT_OBJC_MSGSEND = YES;
				ENABLE_TESTABILITY = YES;
				GCC_C_LANGUAGE_STANDARD = gnu11;
				GCC_DYNAMIC_NO_PIC = NO;
				GCC_NO_COMMON_BLOCKS = YES;
				GCC_OPTIMIZATION_LEVEL = 0;
				GCC_PREPROCESSOR_DEFINITIONS = (
					"DEBUG=1",
					"$(inherited)",
				);
				GCC_WARN_64_TO_32_BIT_CONVERSION = YES;
				GCC_WARN_ABOUT_RETURN_TYPE = YES_ERROR;
				GCC_WARN_UNDECLARED_SELECTOR = YES;
				GCC_WARN_UNINITIALIZED_AUTOS = YES_AGGRESSIVE;
				GCC_WARN_UNUSED_FUNCTION = YES;
				GCC_WARN_UNUSED_VARIABLE = YES;
				IPHONEOS_DEPLOYMENT_TARGET = 11.2;
				MTL_ENABLE_DEBUG_INFO = YES;
				ONLY_ACTIVE_ARCH = YES;
				SDKROOT = iphoneos;
				SWIFT_ACTIVE_COMPILATION_CONDITIONS = DEBUG;
				SWIFT_OPTIMIZATION_LEVEL = "-Onone";
			};
			name = Debug;
		};
		3FBEE5FB24287F1C00EFBB63 /* Release */ = {
			isa = XCBuildConfiguration;
			buildSettings = {
				ALWAYS_SEARCH_USER_PATHS = NO;
				CLANG_ANALYZER_NONNULL = YES;
				CLANG_ANALYZER_NUMBER_OBJECT_CONVERSION = YES_AGGRESSIVE;
				CLANG_CXX_LANGUAGE_STANDARD = "gnu++14";
				CLANG_CXX_LIBRARY = "libc++";
				CLANG_ENABLE_MODULES = YES;
				CLANG_ENABLE_OBJC_ARC = YES;
				CLANG_WARN_BLOCK_CAPTURE_AUTORELEASING = YES;
				CLANG_WARN_BOOL_CONVERSION = YES;
				CLANG_WARN_COMMA = YES;
				CLANG_WARN_CONSTANT_CONVERSION = YES;
				CLANG_WARN_DIRECT_OBJC_ISA_USAGE = YES_ERROR;
				CLANG_WARN_DOCUMENTATION_COMMENTS = YES;
				CLANG_WARN_EMPTY_BODY = YES;
				CLANG_WARN_ENUM_CONVERSION = YES;
				CLANG_WARN_INFINITE_RECURSION = YES;
				CLANG_WARN_INT_CONVERSION = YES;
				CLANG_WARN_NON_LITERAL_NULL_CONVERSION = YES;
				CLANG_WARN_OBJC_LITERAL_CONVERSION = YES;
				CLANG_WARN_OBJC_ROOT_CLASS = YES_ERROR;
				CLANG_WARN_RANGE_LOOP_ANALYSIS = YES;
				CLANG_WARN_STRICT_PROTOTYPES = YES;
				CLANG_WARN_SUSPICIOUS_MOVE = YES;
				CLANG_WARN_UNGUARDED_AVAILABILITY = YES_AGGRESSIVE;
				CLANG_WARN_UNREACHABLE_CODE = YES;
				CLANG_WARN__DUPLICATE_METHOD_MATCH = YES;
				CODE_SIGN_IDENTITY = "iPhone Developer";
				COPY_PHASE_STRIP = NO;
				DEBUG_INFORMATION_FORMAT = "dwarf-with-dsym";
				ENABLE_NS_ASSERTIONS = NO;
				ENABLE_STRICT_OBJC_MSGSEND = YES;
				GCC_C_LANGUAGE_STANDARD = gnu11;
				GCC_NO_COMMON_BLOCKS = YES;
				GCC_WARN_64_TO_32_BIT_CONVERSION = YES;
				GCC_WARN_ABOUT_RETURN_TYPE = YES_ERROR;
				GCC_WARN_UNDECLARED_SELECTOR = YES;
				GCC_WARN_UNINITIALIZED_AUTOS = YES_AGGRESSIVE;
				GCC_WARN_UNUSED_FUNCTION = YES;
				GCC_WARN_UNUSED_VARIABLE = YES;
				IPHONEOS_DEPLOYMENT_TARGET = 11.2;
				MTL_ENABLE_DEBUG_INFO = NO;
				SDKROOT = iphoneos;
				SWIFT_OPTIMIZATION_LEVEL = "-Owholemodule";
				VALIDATE_PRODUCT = YES;
			};
			name = Release;
		};
		3FBEE5FD24287F1C00EFBB63 /* Debug */ = {
			isa = XCBuildConfiguration;
			buildSettings = {
				ASSETCATALOG_COMPILER_APPICON_NAME = AppIcon;
				CODE_SIGN_STYLE = Automatic;
				INFOPLIST_FILE = homework/Info.plist;
				LD_RUNPATH_SEARCH_PATHS = "$(inherited) @executable_path/Frameworks";
				PRODUCT_BUNDLE_IDENTIFIER = t105590026.homework;
				PRODUCT_NAME = "$(TARGET_NAME)";
				SWIFT_VERSION = 4.0;
				TARGETED_DEVICE_FAMILY = "1,2";
			};
			name = Debug;
		};
		3FBEE5FE24287F1C00EFBB63 /* Release */ = {
			isa = XCBuildConfiguration;
			buildSettings = {
				ASSETCATALOG_COMPILER_APPICON_NAME = AppIcon;
				CODE_SIGN_STYLE = Automatic;
				INFOPLIST_FILE = homework/Info.plist;
				LD_RUNPATH_SEARCH_PATHS = "$(inherited) @executable_path/Frameworks";
				PRODUCT_BUNDLE_IDENTIFIER = t105590026.homework;
				PRODUCT_NAME = "$(TARGET_NAME)";
				SWIFT_VERSION = 4.0;
				TARGETED_DEVICE_FAMILY = "1,2";
			};
			name = Release;
		};
/* End XCBuildConfiguration section */

/* Begin XCConfigurationList section */
		3FBEE5E224287F1C00EFBB63 /* Build configuration list for PBXProject "homework" */ = {
			isa = XCConfigurationList;
			buildConfigurations = (
				3FBEE5FA24287F1C00EFBB63 /* Debug */,
				3FBEE5FB24287F1C00EFBB63 /* Release */,
			);
			defaultConfigurationIsVisible = 0;
			defaultConfigurationName = Release;
		};
		3FBEE5FC24287F1C00EFBB63 /* Build configuration list for PBXNativeTarget "homework" */ = {
			isa = XCConfigurationList;
			buildConfigurations = (
				3FBEE5FD24287F1C00EFBB63 /* Debug */,
				3FBEE5FE24287F1C00EFBB63 /* Release */,
			);
			defaultConfigurationIsVisible = 0;
			defaultConfigurationName = Release;
		};
/* End XCConfigurationList section */

/* Begin XCVersionGroup section */
		3FBEE5F124287F1C00EFBB63 /* homework.xcdatamodeld */ = {
			isa = XCVersionGroup;
			children = (
				3FBEE5F224287F1C00EFBB63 /* homework.xcdatamodel */,
			);
			currentVersion = 3FBEE5F224287F1C00EFBB63 /* homework.xcdatamodel */;
			path = homework.xcdatamodeld;
			sourceTree = "<group>";
			versionGroupType = wrapper.xcdatamodel;
		};
/* End XCVersionGroup section */
	};
	rootObject = 3FBEE5DF24287F1C00EFBB63 /* Project object */;
}
